
Microsoft Visual Studio Solution File, Format Version 12.00
# Visual Studio Version 17
VisualStudioVersion = 17.3.32819.101
MinimumVisualStudioVersion = 10.0.40219.1
Project("{FAE04EC0-301F-11D3-BF4B-00C04F79EFBC}") = "PersonelTakipOtomasyonu", "PersonelTakipOtomasyonu\PersonelTakipOtomasyonu.csproj", "{6B8D19B5-710D-42BF-803B-D094C380F2F0}"
EndProject
Global
	GlobalSection(SolutionConfigurationPlatforms) = preSolution
		Debug|Any CPU = Debug|Any CPU
		Release|Any CPU = Release|Any CPU
	EndGlobalSection
	GlobalSection(ProjectConfigurationPlatforms) = postSolution
		{6B8D19B5-710D-42BF-803B-D094C380F2F0}.Debug|Any CPU.ActiveCfg = Debug|Any CPU
		{6B8D19B5-710D-42BF-803B-D094C380F2F0}.Debug|Any CPU.Build.0 = Debug|Any CPU
		{6B8D19B5-710D-42BF-803B-D094C380F2F0}.Release|Any CPU.ActiveCfg = Release|Any CPU
		{6B8D19B5-710D-42BF-803B-D094C380F2F0}.Release|Any CPU.Build.0 = Release|Any CPU
	EndGlobalSection
	GlobalSection(SolutionProperties) = preSolution
		HideSolutionNode = FALSE
	EndGlobalSection
	GlobalSection(ExtensibilityGlobals) = postSolution
		SolutionGuid = {BAFC2194-98CD-47D1-8B6E-B69CCFC44E49}
	EndGlobalSection
EndGlobal
